
Microsoft Visual Studio Solution File, Format Version 12.00
# Visual Studio Version 17
VisualStudioVersion = 17.0.31903.59
MinimumVisualStudioVersion = 10.0.40219.1
Project("{04A46EE3-90BD-4643-B54B-1227BB322773}") = "Rope", "src\Rope.fsproj", "{9B5ADA44-978C-4C6F-97B7-20F617F93684}"
EndProject
Project("{04A46EE3-90BD-4643-B54B-1227BB322773}") = "Rope.Tests", "tests\Rope.Tests.fsproj", "{8371B243-5B7B-4D47-B3F3-3F0A88C05D74}"
EndProject
Global
	GlobalSection(SolutionConfigurationPlatforms) = preSolution
		Debug|Any CPU = Debug|Any CPU
		Release|Any CPU = Release|Any CPU
	EndGlobalSection
	GlobalSection(ProjectConfigurationPlatforms) = postSolution
		{9B5ADA44-978C-4C6F-97B7-20F617F93684}.Debug|Any CPU.ActiveCfg = Debug|Any CPU
		{9B5ADA44-978C-4C6F-97B7-20F617F93684}.Debug|Any CPU.Build.0 = Debug|Any CPU
		{9B5ADA44-978C-4C6F-97B7-20F617F93684}.Release|Any CPU.ActiveCfg = Release|Any CPU
		{9B5ADA44-978C-4C6F-97B7-20F617F93684}.Release|Any CPU.Build.0 = Release|Any CPU
		{8371B243-5B7B-4D47-B3F3-3F0A88C05D74}.Debug|Any CPU.ActiveCfg = Debug|Any CPU
		{8371B243-5B7B-4D47-B3F3-3F0A88C05D74}.Debug|Any CPU.Build.0 = Debug|Any CPU
		{8371B243-5B7B-4D47-B3F3-3F0A88C05D74}.Release|Any CPU.ActiveCfg = Release|Any CPU
		{8371B243-5B7B-4D47-B3F3-3F0A88C05D74}.Release|Any CPU.Build.0 = Release|Any CPU
	EndGlobalSection
	GlobalSection(SolutionProperties) = preSolution
		HideSolutionNode = FALSE
	EndGlobalSection
EndGlobal
